
Microsoft Visual Studio Solution File, Format Version 12.00
# Visual Studio Version 16
VisualStudioVersion = 16.0.30611.23
MinimumVisualStudioVersion = 10.0.40219.1
Project("{FAE04EC0-301F-11D3-BF4B-00C04F79EFBC}") = "JavascriptTutorials", "JavascriptTutorials\JavascriptTutorials.csproj", "{26F70523-4B4C-4FFB-96C4-4D4DDA60475C}"
EndProject
Global
	GlobalSection(SolutionConfigurationPlatforms) = preSolution
		Debug|Any CPU = Debug|Any CPU
		Release|Any CPU = Release|Any CPU
	EndGlobalSection
	GlobalSection(ProjectConfigurationPlatforms) = postSolution
		{26F70523-4B4C-4FFB-96C4-4D4DDA60475C}.Debug|Any CPU.ActiveCfg = Debug|Any CPU
		{26F70523-4B4C-4FFB-96C4-4D4DDA60475C}.Debug|Any CPU.Build.0 = Debug|Any CPU
		{26F70523-4B4C-4FFB-96C4-4D4DDA60475C}.Release|Any CPU.ActiveCfg = Release|Any CPU
		{26F70523-4B4C-4FFB-96C4-4D4DDA60475C}.Release|Any CPU.Build.0 = Release|Any CPU
	EndGlobalSection
	GlobalSection(SolutionProperties) = preSolution
		HideSolutionNode = FALSE
	EndGlobalSection
	GlobalSection(ExtensibilityGlobals) = postSolution
		SolutionGuid = {9A28C999-7AC4-4F44-9536-EE7267A630B8}
	EndGlobalSection
EndGlobal
